
Microsoft Visual Studio Solution File, Format Version 12.00
# Visual Studio for Mac
Project("{FAE04EC0-301F-11D3-BF4B-00C04F79EFBC}") = "Assembly-CSharp", "Assembly-CSharp.csproj", "{BE772E4C-5B80-0A33-DB5B-15F3C24563A3}"
EndProject
Project("{FAE04EC0-301F-11D3-BF4B-00C04F79EFBC}") = "Assembly-CSharp-Editor", "Assembly-CSharp-Editor.csproj", "{6876DADD-B229-EC6A-A3C3-8EF1BD31A4A6}"
EndProject
Global
	GlobalSection(SolutionConfigurationPlatforms) = preSolution
		Debug|Any CPU = Debug|Any CPU
		Release|Any CPU = Release|Any CPU
	EndGlobalSection
	GlobalSection(ProjectConfigurationPlatforms) = postSolution
		{BE772E4C-5B80-0A33-DB5B-15F3C24563A3}.Debug|Any CPU.ActiveCfg = Debug|Any CPU
		{BE772E4C-5B80-0A33-DB5B-15F3C24563A3}.Debug|Any CPU.Build.0 = Debug|Any CPU
		{BE772E4C-5B80-0A33-DB5B-15F3C24563A3}.Release|Any CPU.ActiveCfg = Release|Any CPU
		{BE772E4C-5B80-0A33-DB5B-15F3C24563A3}.Release|Any CPU.Build.0 = Release|Any CPU
		{6876DADD-B229-EC6A-A3C3-8EF1BD31A4A6}.Debug|Any CPU.ActiveCfg = Debug|Any CPU
		{6876DADD-B229-EC6A-A3C3-8EF1BD31A4A6}.Debug|Any CPU.Build.0 = Debug|Any CPU
		{6876DADD-B229-EC6A-A3C3-8EF1BD31A4A6}.Release|Any CPU.ActiveCfg = Release|Any CPU
		{6876DADD-B229-EC6A-A3C3-8EF1BD31A4A6}.Release|Any CPU.Build.0 = Release|Any CPU
	EndGlobalSection
	GlobalSection(SolutionProperties) = preSolution
		HideSolutionNode = FALSE
	EndGlobalSection
EndGlobal
